<?xml version="1.0" encoding="utf-8"?>
<Project ToolsVersion="4.0" xmlns="http://schemas.microsoft.com/developer/msbuild/2003">
  <ItemGroup>
    <ClCompile Include="Application.cpp" />
    <ClCompile Include="BufferVK.cpp" />
    <ClCompile Include="CameraVK.cpp" />
    <ClCompile Include="CommandBufferVK.cpp" />
    <ClCompile Include="DescriptorSetLayoutVK.cpp" />
    <ClCompile Include="DescriptorSetVK.cpp" />
    <ClCompile Include="DeviceVK.cpp" />
    <ClCompile Include="IndexBufferVK.cpp" />
    <ClCompile Include="Main.cpp" />
    <ClCompile Include="MaterialVK.cpp" />
    <ClCompile Include="MeshVK.cpp" />
    <ClCompile Include="PipelineVK.cpp" />
    <ClCompile Include="RendererVK.cpp" />
    <ClCompile Include="RenderPassVK.cpp" />
    <ClCompile Include="SamplerVK.cpp" />
    <ClCompile Include="ShaderVK.cpp" />
    <ClCompile Include="SwapChainVK.cpp" />
    <ClCompile Include="TextureVK.cpp" />
    <ClCompile Include="UniformBufferVK.cpp" />
    <ClCompile Include="StorageBufferVK.cpp" />
    <ClCompile Include="VulkanDemo.cpp" />
    <ClCompile Include="WindowVK.cpp" />
    <ClCompile Include="InputVK.cpp" />
  </ItemGroup>
  <ItemGroup>
    <ClInclude Include="Application.h" />
    <ClInclude Include="BufferVK.h" />
    <ClInclude Include="CameraVK.h" />
    <ClInclude Include="CommandBufferVK.h" />
    <ClInclude Include="Defines.h" />
    <ClInclude Include="DescriptorSetLayoutVK.h" />
    <ClInclude Include="DescriptorSetVK.h" />
    <ClInclude Include="DeviceVK.h" />
    <ClInclude Include="IKeyListener.h" />
    <ClInclude Include="IMouseListener.h" />
    <ClInclude Include="IndexBufferVK.h" />
    <ClInclude Include="MaterialVK.h" />
    <ClInclude Include="MeshVK.h" />
    <ClInclude Include="PipelineVK.h" />
    <ClInclude Include="RendererVK.h" />
    <ClInclude Include="RenderPassVK.h" />
    <ClInclude Include="SamplerVK.h" />
    <ClInclude Include="ShaderVK.h" />
    <ClInclude Include="SwapChainVK.h" />
    <ClInclude Include="TextureVK.h" />
    <ClInclude Include="UniformBufferVK.h" />
    <ClInclude Include="StorageBufferVK.h" />
    <ClInclude Include="VulkanDemo.h" />
    <ClInclude Include="WindowVK.h" />
    <ClInclude Include="InputVK.h" />
  </ItemGroup>
  <ItemGroup>
    <Image Include="textures\fatboy.png" />
  </ItemGroup>
  <ItemGroup>
    <None Include="shaders\FragmentShader.glsl" />
    <None Include="shaders\VertexShader.glsl" />
  </ItemGroup>
</Project>